
Microsoft Visual Studio Solution File, Format Version 12.00
# Visual Studio Version 17
VisualStudioVersion = 17.3.32929.385
MinimumVisualStudioVersion = 10.0.40219.1
Project("{FAE04EC0-301F-11D3-BF4B-00C04F79EFBC}") = "JeuDeLaVie", "JeuDeLaVie\JeuDeLaVie.csproj", "{07902ED3-0B4E-439E-B874-5C3C90987A09}"
EndProject
Project("{FAE04EC0-301F-11D3-BF4B-00C04F79EFBC}") = "JeuDeLaVie.Test", "JeuDeLaVie.Test\JeuDeLaVie.Test.csproj", "{24643BBA-E47E-49A6-AB5B-CBB256146488}"
EndProject
Global
	GlobalSection(SolutionConfigurationPlatforms) = preSolution
		Debug|Any CPU = Debug|Any CPU
		Release|Any CPU = Release|Any CPU
	EndGlobalSection
	GlobalSection(ProjectConfigurationPlatforms) = postSolution
		{07902ED3-0B4E-439E-B874-5C3C90987A09}.Debug|Any CPU.ActiveCfg = Debug|Any CPU
		{07902ED3-0B4E-439E-B874-5C3C90987A09}.Debug|Any CPU.Build.0 = Debug|Any CPU
		{07902ED3-0B4E-439E-B874-5C3C90987A09}.Release|Any CPU.ActiveCfg = Release|Any CPU
		{07902ED3-0B4E-439E-B874-5C3C90987A09}.Release|Any CPU.Build.0 = Release|Any CPU
		{24643BBA-E47E-49A6-AB5B-CBB256146488}.Debug|Any CPU.ActiveCfg = Debug|Any CPU
		{24643BBA-E47E-49A6-AB5B-CBB256146488}.Debug|Any CPU.Build.0 = Debug|Any CPU
		{24643BBA-E47E-49A6-AB5B-CBB256146488}.Release|Any CPU.ActiveCfg = Release|Any CPU
		{24643BBA-E47E-49A6-AB5B-CBB256146488}.Release|Any CPU.Build.0 = Release|Any CPU
	EndGlobalSection
	GlobalSection(SolutionProperties) = preSolution
		HideSolutionNode = FALSE
	EndGlobalSection
	GlobalSection(ExtensibilityGlobals) = postSolution
		SolutionGuid = {FFAD6C75-17A8-4EBF-AAF2-001B61CC6F46}
	EndGlobalSection
EndGlobal
